
Microsoft Visual Studio Solution File, Format Version 12.00
# Visual Studio Version 16
VisualStudioVersion = 16.0.31911.196
MinimumVisualStudioVersion = 10.0.40219.1
Project("{FAE04EC0-301F-11D3-BF4B-00C04F79EFBC}") = "DevExtremeAspNetCoreAppBootstrap", "DevExtremeAspNetCoreAppBootstrap\DevExtremeAspNetCoreAppBootstrap.csproj", "{75F6CFE8-9A7F-4CA9-89E9-D3E4D18CF142}"
EndProject
Project("{2150E333-8FDC-42A3-9474-1A3956D46DE8}") = "DevExtreme NuGet.config", "DevExtreme NuGet.config", "{8C94D74F-58A2-42D9-946E-B268A1FF2C8A}"
	ProjectSection(SolutionItems) = preProject
		NuGet.config = NuGet.config
	EndProjectSection
EndProject
Global
	GlobalSection(SolutionConfigurationPlatforms) = preSolution
		Debug|Any CPU = Debug|Any CPU
		Release|Any CPU = Release|Any CPU
	EndGlobalSection
	GlobalSection(ProjectConfigurationPlatforms) = postSolution
		{75F6CFE8-9A7F-4CA9-89E9-D3E4D18CF142}.Debug|Any CPU.ActiveCfg = Debug|Any CPU
		{75F6CFE8-9A7F-4CA9-89E9-D3E4D18CF142}.Debug|Any CPU.Build.0 = Debug|Any CPU
		{75F6CFE8-9A7F-4CA9-89E9-D3E4D18CF142}.Release|Any CPU.ActiveCfg = Release|Any CPU
		{75F6CFE8-9A7F-4CA9-89E9-D3E4D18CF142}.Release|Any CPU.Build.0 = Release|Any CPU
	EndGlobalSection
	GlobalSection(SolutionProperties) = preSolution
		HideSolutionNode = FALSE
	EndGlobalSection
	GlobalSection(ExtensibilityGlobals) = postSolution
		SolutionGuid = {78513A68-1DF2-48CD-9E5F-EFEFE644908C}
	EndGlobalSection
EndGlobal
